PODS:
  - Alamofire (4.8.2)
  - AlamofireImage (3.5.2):
    - Alamofire (~> 4.8)
  - Kingfisher (5.7.1)
  - Moya (13.0.1):
    - Moya/Core (= 13.0.1)
  - Moya/Core (13.0.1):
    - Alamofire (~> 4.1)
    - Result (~> 4.1)
  - ObjectMapper (3.5.1)
  - Realm (4.3.2):
    - Realm/Headers (= 4.3.2)
  - Realm/Headers (4.3.2)
  - RealmSwift (4.3.2):
    - Realm (= 4.3.2)
  - Result (4.1.0)
  - YoutubePlayerView (1.1.0)

DEPENDENCIES:
  - AlamofireImage (~> 3.5)
  - Kingfisher
  - Moya
  - ObjectMapper (~> 3.4)
  - RealmSwift
  - YoutubePlayerView

SPEC REPOS:
  https://github.com/CocoaPods/Specs.git:
    - Alamofire
    - Kingfisher
    - Moya
    - Result
  trunk:
    - AlamofireImage
    - ObjectMapper
    - Realm
    - RealmSwift
    - YoutubePlayerView

SPEC CHECKSUMS:
  Alamofire: ae5c501addb7afdbb13687d7f2f722c78734c2d3
  AlamofireImage: 63cfe3baf1370be6c498149687cf6db3e3b00999
  Kingfisher: 176d377ad339113c99ad4980cbae687f807e20fe
  Moya: f4a4b80ff2f8a4ffc208dfb31cd91636622fee6e
  ObjectMapper: 70187b8941977c62ccfb423caf6b50be405cabf0
  Realm: 5e92902e2875dff4bb0fd02f67bb737c3d5db2bc
  RealmSwift: 9a360fc7bae04fc2e308a34fbd899d5faa2d6b22
  Result: bd966fac789cc6c1563440b348ab2598cc24d5c7
  YoutubePlayerView: ceed1ec64d8debcc5a12a66ec128880ecd2bbb60

PODFILE CHECKSUM: 24b7dbdcea34eb9f138aa40a70915696556c25d9

COCOAPODS: 1.8.4
